
Microsoft Visual Studio Solution File, Format Version 12.00
# Visual Studio Version 17
VisualStudioVersion = 17.8.34316.72
MinimumVisualStudioVersion = 10.0.40219.1
Project("{2150E333-8FDC-42A3-9474-1A3956D46DE8}") = "Domain", "Domain", "{CC1C7E1E-8620-4C70-A246-002DF3BF55CB}"
EndProject
Project("{2150E333-8FDC-42A3-9474-1A3956D46DE8}") = "API", "API", "{402C1D25-4087-4695-969F-81F74195BA03}"
EndProject
Project("{2150E333-8FDC-42A3-9474-1A3956D46DE8}") = "Infrastructure", "Infrastructure", "{B74B5A2B-586A-4797-9B64-51E29FBCC12F}"
EndProject
Project("{2150E333-8FDC-42A3-9474-1A3956D46DE8}") = "Application", "Application", "{D12C2A0F-B02A-472E-8858-DE8EBD8AE4DF}"
EndProject
Project("{2150E333-8FDC-42A3-9474-1A3956D46DE8}") = "src", "src", "{4F857A38-1F6B-4266-A36F-215BBB992637}"
EndProject
Project("{9A19103F-16F7-4668-BE54-9A1E7A4F7556}") = "CleanDDDCQRS.Application", "src\CleanDDDCQRS.Application\CleanDDDCQRS.Application.csproj", "{1D8D62A5-5C5A-4D18-ADDF-8AD8A6A93FA9}"
EndProject
Project("{9A19103F-16F7-4668-BE54-9A1E7A4F7556}") = "CleanDDDCQRS.Domain", "src\CleanDDDCQRS.Domain\CleanDDDCQRS.Domain.csproj", "{F4B5BA62-992F-4DB5-B3C4-6CB2FC85210A}"
EndProject
Project("{9A19103F-16F7-4668-BE54-9A1E7A4F7556}") = "CleanDDDCQRS.Infrastructure", "src\CleanDDDCQRS.Infrastructure\CleanDDDCQRS.Infrastructure.csproj", "{1D2034AE-D2BD-41A3-A491-2658FE5C247E}"
EndProject
Project("{9A19103F-16F7-4668-BE54-9A1E7A4F7556}") = "CleanDDDCQRS.API", "src\CleanDDDCQRS.API\CleanDDDCQRS.API.csproj", "{4259CE6E-8720-4BF9-A405-BDB854F91D5C}"
EndProject
Global
	GlobalSection(SolutionConfigurationPlatforms) = preSolution
		Debug|Any CPU = Debug|Any CPU
		Release|Any CPU = Release|Any CPU
	EndGlobalSection
	GlobalSection(ProjectConfigurationPlatforms) = postSolution
		{1D8D62A5-5C5A-4D18-ADDF-8AD8A6A93FA9}.Debug|Any CPU.ActiveCfg = Debug|Any CPU
		{1D8D62A5-5C5A-4D18-ADDF-8AD8A6A93FA9}.Debug|Any CPU.Build.0 = Debug|Any CPU
		{1D8D62A5-5C5A-4D18-ADDF-8AD8A6A93FA9}.Release|Any CPU.ActiveCfg = Release|Any CPU
		{1D8D62A5-5C5A-4D18-ADDF-8AD8A6A93FA9}.Release|Any CPU.Build.0 = Release|Any CPU
		{F4B5BA62-992F-4DB5-B3C4-6CB2FC85210A}.Debug|Any CPU.ActiveCfg = Debug|Any CPU
		{F4B5BA62-992F-4DB5-B3C4-6CB2FC85210A}.Debug|Any CPU.Build.0 = Debug|Any CPU
		{F4B5BA62-992F-4DB5-B3C4-6CB2FC85210A}.Release|Any CPU.ActiveCfg = Release|Any CPU
		{F4B5BA62-992F-4DB5-B3C4-6CB2FC85210A}.Release|Any CPU.Build.0 = Release|Any CPU
		{1D2034AE-D2BD-41A3-A491-2658FE5C247E}.Debug|Any CPU.ActiveCfg = Debug|Any CPU
		{1D2034AE-D2BD-41A3-A491-2658FE5C247E}.Debug|Any CPU.Build.0 = Debug|Any CPU
		{1D2034AE-D2BD-41A3-A491-2658FE5C247E}.Release|Any CPU.ActiveCfg = Release|Any CPU
		{1D2034AE-D2BD-41A3-A491-2658FE5C247E}.Release|Any CPU.Build.0 = Release|Any CPU
		{4259CE6E-8720-4BF9-A405-BDB854F91D5C}.Debug|Any CPU.ActiveCfg = Debug|Any CPU
		{4259CE6E-8720-4BF9-A405-BDB854F91D5C}.Debug|Any CPU.Build.0 = Debug|Any CPU
		{4259CE6E-8720-4BF9-A405-BDB854F91D5C}.Release|Any CPU.ActiveCfg = Release|Any CPU
		{4259CE6E-8720-4BF9-A405-BDB854F91D5C}.Release|Any CPU.Build.0 = Release|Any CPU
	EndGlobalSection
	GlobalSection(SolutionProperties) = preSolution
		HideSolutionNode = FALSE
	EndGlobalSection
	GlobalSection(NestedProjects) = preSolution
		{CC1C7E1E-8620-4C70-A246-002DF3BF55CB} = {4F857A38-1F6B-4266-A36F-215BBB992637}
		{402C1D25-4087-4695-969F-81F74195BA03} = {4F857A38-1F6B-4266-A36F-215BBB992637}
		{B74B5A2B-586A-4797-9B64-51E29FBCC12F} = {4F857A38-1F6B-4266-A36F-215BBB992637}
		{D12C2A0F-B02A-472E-8858-DE8EBD8AE4DF} = {4F857A38-1F6B-4266-A36F-215BBB992637}
		{1D8D62A5-5C5A-4D18-ADDF-8AD8A6A93FA9} = {D12C2A0F-B02A-472E-8858-DE8EBD8AE4DF}
		{F4B5BA62-992F-4DB5-B3C4-6CB2FC85210A} = {CC1C7E1E-8620-4C70-A246-002DF3BF55CB}
		{1D2034AE-D2BD-41A3-A491-2658FE5C247E} = {B74B5A2B-586A-4797-9B64-51E29FBCC12F}
		{4259CE6E-8720-4BF9-A405-BDB854F91D5C} = {402C1D25-4087-4695-969F-81F74195BA03}
	EndGlobalSection
	GlobalSection(ExtensibilityGlobals) = postSolution
		SolutionGuid = {6CD6D963-0DCA-4535-B951-1CC419AD5A0A}
	EndGlobalSection
EndGlobal
